
Microsoft Visual Studio Solution File, Format Version 12.00
# Visual Studio Version 16
VisualStudioVersion = 16.0.30204.135
MinimumVisualStudioVersion = 10.0.40219.1
Project("{FAE04EC0-301F-11D3-BF4B-00C04F79EFBC}") = "DochazkovySystem", "DochazkovySystem.csproj", "{6AD66227-D6A4-40C1-96C6-1E9FC20050FE}"
EndProject
Global
	GlobalSection(SolutionConfigurationPlatforms) = preSolution
		Debug|Any CPU = Debug|Any CPU
		Release|Any CPU = Release|Any CPU
	EndGlobalSection
	GlobalSection(ProjectConfigurationPlatforms) = postSolution
		{6AD66227-D6A4-40C1-96C6-1E9FC20050FE}.Debug|Any CPU.ActiveCfg = Debug|Any CPU
		{6AD66227-D6A4-40C1-96C6-1E9FC20050FE}.Debug|Any CPU.Build.0 = Debug|Any CPU
		{6AD66227-D6A4-40C1-96C6-1E9FC20050FE}.Release|Any CPU.ActiveCfg = Release|Any CPU
		{6AD66227-D6A4-40C1-96C6-1E9FC20050FE}.Release|Any CPU.Build.0 = Release|Any CPU
	EndGlobalSection
	GlobalSection(SolutionProperties) = preSolution
		HideSolutionNode = FALSE
	EndGlobalSection
	GlobalSection(ExtensibilityGlobals) = postSolution
		SolutionGuid = {A581CF71-8ADE-4D89-A62C-8B127765928A}
	EndGlobalSection
EndGlobal
